
Microsoft Visual Studio Solution File, Format Version 12.00
# Visual Studio Version 16
VisualStudioVersion = 16.0.29102.190
MinimumVisualStudioVersion = 10.0.40219.1
Project("{9A19103F-16F7-4668-BE54-9A1E7A4F7556}") = "collectorShop", "collectorShop\collectorShop.csproj", "{3B51A9E0-F08E-4C51-80C2-807CC9F576DA}"
	ProjectSection(ProjectDependencies) = postProject
		{9652F57F-D8BB-4E76-8DD5-D9E84D472B64} = {9652F57F-D8BB-4E76-8DD5-D9E84D472B64}
		{13076E9E-4F9D-45E5-9574-E23B1002D727} = {13076E9E-4F9D-45E5-9574-E23B1002D727}
	EndProjectSection
EndProject
Project("{9A19103F-16F7-4668-BE54-9A1E7A4F7556}") = "Persistence", "Persistence\Persistence.csproj", "{E7E32ECE-B4F6-475B-B9B5-6E2C967BF77D}"
	ProjectSection(ProjectDependencies) = postProject
		{9652F57F-D8BB-4E76-8DD5-D9E84D472B64} = {9652F57F-D8BB-4E76-8DD5-D9E84D472B64}
	EndProjectSection
EndProject
Project("{9A19103F-16F7-4668-BE54-9A1E7A4F7556}") = "Model", "Model\Model.csproj", "{9652F57F-D8BB-4E76-8DD5-D9E84D472B64}"
EndProject
Project("{9A19103F-16F7-4668-BE54-9A1E7A4F7556}") = "Services", "Services\Services.csproj", "{13076E9E-4F9D-45E5-9574-E23B1002D727}"
	ProjectSection(ProjectDependencies) = postProject
		{9652F57F-D8BB-4E76-8DD5-D9E84D472B64} = {9652F57F-D8BB-4E76-8DD5-D9E84D472B64}
		{E7E32ECE-B4F6-475B-B9B5-6E2C967BF77D} = {E7E32ECE-B4F6-475B-B9B5-6E2C967BF77D}
	EndProjectSection
EndProject
Project("{9A19103F-16F7-4668-BE54-9A1E7A4F7556}") = "Selenium.Utils", "Selenium.Utils\Selenium.Utils.csproj", "{87896A50-BFFF-4911-86DA-C16DA03B1B5C}"
EndProject
Global
	GlobalSection(SolutionConfigurationPlatforms) = preSolution
		Debug|Any CPU = Debug|Any CPU
		Release|Any CPU = Release|Any CPU
	EndGlobalSection
	GlobalSection(ProjectConfigurationPlatforms) = postSolution
		{3B51A9E0-F08E-4C51-80C2-807CC9F576DA}.Debug|Any CPU.ActiveCfg = Debug|Any CPU
		{3B51A9E0-F08E-4C51-80C2-807CC9F576DA}.Debug|Any CPU.Build.0 = Debug|Any CPU
		{3B51A9E0-F08E-4C51-80C2-807CC9F576DA}.Release|Any CPU.ActiveCfg = Release|Any CPU
		{3B51A9E0-F08E-4C51-80C2-807CC9F576DA}.Release|Any CPU.Build.0 = Release|Any CPU
		{E7E32ECE-B4F6-475B-B9B5-6E2C967BF77D}.Debug|Any CPU.ActiveCfg = Debug|Any CPU
		{E7E32ECE-B4F6-475B-B9B5-6E2C967BF77D}.Debug|Any CPU.Build.0 = Debug|Any CPU
		{E7E32ECE-B4F6-475B-B9B5-6E2C967BF77D}.Release|Any CPU.ActiveCfg = Release|Any CPU
		{E7E32ECE-B4F6-475B-B9B5-6E2C967BF77D}.Release|Any CPU.Build.0 = Release|Any CPU
		{9652F57F-D8BB-4E76-8DD5-D9E84D472B64}.Debug|Any CPU.ActiveCfg = Debug|Any CPU
		{9652F57F-D8BB-4E76-8DD5-D9E84D472B64}.Debug|Any CPU.Build.0 = Debug|Any CPU
		{9652F57F-D8BB-4E76-8DD5-D9E84D472B64}.Release|Any CPU.ActiveCfg = Release|Any CPU
		{9652F57F-D8BB-4E76-8DD5-D9E84D472B64}.Release|Any CPU.Build.0 = Release|Any CPU
		{13076E9E-4F9D-45E5-9574-E23B1002D727}.Debug|Any CPU.ActiveCfg = Debug|Any CPU
		{13076E9E-4F9D-45E5-9574-E23B1002D727}.Debug|Any CPU.Build.0 = Debug|Any CPU
		{13076E9E-4F9D-45E5-9574-E23B1002D727}.Release|Any CPU.ActiveCfg = Release|Any CPU
		{13076E9E-4F9D-45E5-9574-E23B1002D727}.Release|Any CPU.Build.0 = Release|Any CPU
		{87896A50-BFFF-4911-86DA-C16DA03B1B5C}.Debug|Any CPU.ActiveCfg = Debug|Any CPU
		{87896A50-BFFF-4911-86DA-C16DA03B1B5C}.Debug|Any CPU.Build.0 = Debug|Any CPU
		{87896A50-BFFF-4911-86DA-C16DA03B1B5C}.Release|Any CPU.ActiveCfg = Release|Any CPU
		{87896A50-BFFF-4911-86DA-C16DA03B1B5C}.Release|Any CPU.Build.0 = Release|Any CPU
	EndGlobalSection
	GlobalSection(SolutionProperties) = preSolution
		HideSolutionNode = FALSE
	EndGlobalSection
	GlobalSection(ExtensibilityGlobals) = postSolution
		SolutionGuid = {5570676D-A47B-47D1-924E-047A9978DF66}
	EndGlobalSection
EndGlobal
